
Microsoft Visual Studio Solution File, Format Version 12.00
# Visual Studio Version 17
VisualStudioVersion = 17.6.33723.286
MinimumVisualStudioVersion = 10.0.40219.1
Project("{9A19103F-16F7-4668-BE54-9A1E7A4F7556}") = "BrambleWeb", "BrambleWeb.csproj", "{F8D0486A-E147-430C-A6F3-08C57F46D375}"
EndProject
Project("{9A19103F-16F7-4668-BE54-9A1E7A4F7556}") = "Bramble.Models", "..\Models\Bramble.Models.csproj", "{48761733-BA80-4766-B91D-D7B17ADDCD46}"
EndProject
Project("{9A19103F-16F7-4668-BE54-9A1E7A4F7556}") = "Bramble.Service", "..\Bramble.Service\Bramble.Service.csproj", "{604AA4C6-9BB5-44EB-9E59-6ED3C165120A}"
EndProject
Project("{2150E333-8FDC-42A3-9474-1A3956D46DE8}") = "Library", "Library", "{A7A77E8F-2A7E-4E89-90B0-7810C741F904}"
EndProject
Project("{9A19103F-16F7-4668-BE54-9A1E7A4F7556}") = "Bramble.Framework", "..\Bramble.Framework\Bramble.Framework.csproj", "{3716756D-9584-49E4-90C7-9A4AF586C06F}"
EndProject
Project("{9A19103F-16F7-4668-BE54-9A1E7A4F7556}") = "BrambleDAL", "..\BrambleDAL\BrambleDAL.csproj", "{361FB0A3-3A23-409B-9338-91B3C64AD130}"
	ProjectSection(ProjectDependencies) = postProject
		{3716756D-9584-49E4-90C7-9A4AF586C06F} = {3716756D-9584-49E4-90C7-9A4AF586C06F}
	EndProjectSection
EndProject
Project("{2150E333-8FDC-42A3-9474-1A3956D46DE8}") = "Jobs", "Jobs", "{12026388-208E-476E-97AD-CBFA73B7E53D}"
EndProject
Project("{9A19103F-16F7-4668-BE54-9A1E7A4F7556}") = "TestTech", "..\TestTech\TestTech.csproj", "{81E84340-01A9-4494-998F-DB99A8D88CBF}"
EndProject
Project("{2150E333-8FDC-42A3-9474-1A3956D46DE8}") = "Files", "Files", "{5370F061-66BB-4149-918E-7AAFB25DD106}"
EndProject
Project("{2150E333-8FDC-42A3-9474-1A3956D46DE8}") = "Songs", "Songs", "{4D403EEE-47D2-4F4F-BBB6-130FBAAA2DF2}"
EndProject
Project("{9A19103F-16F7-4668-BE54-9A1E7A4F7556}") = "DataPopulationJob", "..\DataPopulationJob\DataPopulationJob.csproj", "{E300C1B7-93F8-49F2-8E1B-05C40927D975}"
	ProjectSection(ProjectDependencies) = postProject
		{361FB0A3-3A23-409B-9338-91B3C64AD130} = {361FB0A3-3A23-409B-9338-91B3C64AD130}
		{3716756D-9584-49E4-90C7-9A4AF586C06F} = {3716756D-9584-49E4-90C7-9A4AF586C06F}
		{48761733-BA80-4766-B91D-D7B17ADDCD46} = {48761733-BA80-4766-B91D-D7B17ADDCD46}
		{604AA4C6-9BB5-44EB-9E59-6ED3C165120A} = {604AA4C6-9BB5-44EB-9E59-6ED3C165120A}
	EndProjectSection
EndProject
Project("{FAE04EC0-301F-11D3-BF4B-00C04F79EFBC}") = "BrambleWebApi", "..\BrambleWebApi\BrambleWebApi.csproj", "{AE76234A-B47B-4294-AF5A-2A18940414B2}"
	ProjectSection(ProjectDependencies) = postProject
		{361FB0A3-3A23-409B-9338-91B3C64AD130} = {361FB0A3-3A23-409B-9338-91B3C64AD130}
		{3716756D-9584-49E4-90C7-9A4AF586C06F} = {3716756D-9584-49E4-90C7-9A4AF586C06F}
		{48761733-BA80-4766-B91D-D7B17ADDCD46} = {48761733-BA80-4766-B91D-D7B17ADDCD46}
		{604AA4C6-9BB5-44EB-9E59-6ED3C165120A} = {604AA4C6-9BB5-44EB-9E59-6ED3C165120A}
	EndProjectSection
EndProject
Global
	GlobalSection(SolutionConfigurationPlatforms) = preSolution
		Debug|Any CPU = Debug|Any CPU
		Release|Any CPU = Release|Any CPU
	EndGlobalSection
	GlobalSection(ProjectConfigurationPlatforms) = postSolution
		{F8D0486A-E147-430C-A6F3-08C57F46D375}.Debug|Any CPU.ActiveCfg = Debug|Any CPU
		{F8D0486A-E147-430C-A6F3-08C57F46D375}.Debug|Any CPU.Build.0 = Debug|Any CPU
		{F8D0486A-E147-430C-A6F3-08C57F46D375}.Release|Any CPU.ActiveCfg = Release|Any CPU
		{F8D0486A-E147-430C-A6F3-08C57F46D375}.Release|Any CPU.Build.0 = Release|Any CPU
		{48761733-BA80-4766-B91D-D7B17ADDCD46}.Debug|Any CPU.ActiveCfg = Debug|Any CPU
		{48761733-BA80-4766-B91D-D7B17ADDCD46}.Debug|Any CPU.Build.0 = Debug|Any CPU
		{48761733-BA80-4766-B91D-D7B17ADDCD46}.Release|Any CPU.ActiveCfg = Release|Any CPU
		{48761733-BA80-4766-B91D-D7B17ADDCD46}.Release|Any CPU.Build.0 = Release|Any CPU
		{604AA4C6-9BB5-44EB-9E59-6ED3C165120A}.Debug|Any CPU.ActiveCfg = Debug|Any CPU
		{604AA4C6-9BB5-44EB-9E59-6ED3C165120A}.Debug|Any CPU.Build.0 = Debug|Any CPU
		{604AA4C6-9BB5-44EB-9E59-6ED3C165120A}.Release|Any CPU.ActiveCfg = Release|Any CPU
		{604AA4C6-9BB5-44EB-9E59-6ED3C165120A}.Release|Any CPU.Build.0 = Release|Any CPU
		{3716756D-9584-49E4-90C7-9A4AF586C06F}.Debug|Any CPU.ActiveCfg = Debug|Any CPU
		{3716756D-9584-49E4-90C7-9A4AF586C06F}.Debug|Any CPU.Build.0 = Debug|Any CPU
		{3716756D-9584-49E4-90C7-9A4AF586C06F}.Release|Any CPU.ActiveCfg = Release|Any CPU
		{3716756D-9584-49E4-90C7-9A4AF586C06F}.Release|Any CPU.Build.0 = Release|Any CPU
		{361FB0A3-3A23-409B-9338-91B3C64AD130}.Debug|Any CPU.ActiveCfg = Debug|Any CPU
		{361FB0A3-3A23-409B-9338-91B3C64AD130}.Debug|Any CPU.Build.0 = Debug|Any CPU
		{361FB0A3-3A23-409B-9338-91B3C64AD130}.Release|Any CPU.ActiveCfg = Release|Any CPU
		{361FB0A3-3A23-409B-9338-91B3C64AD130}.Release|Any CPU.Build.0 = Release|Any CPU
		{81E84340-01A9-4494-998F-DB99A8D88CBF}.Debug|Any CPU.ActiveCfg = Debug|Any CPU
		{81E84340-01A9-4494-998F-DB99A8D88CBF}.Debug|Any CPU.Build.0 = Debug|Any CPU
		{81E84340-01A9-4494-998F-DB99A8D88CBF}.Release|Any CPU.ActiveCfg = Release|Any CPU
		{81E84340-01A9-4494-998F-DB99A8D88CBF}.Release|Any CPU.Build.0 = Release|Any CPU
		{E300C1B7-93F8-49F2-8E1B-05C40927D975}.Debug|Any CPU.ActiveCfg = Debug|Any CPU
		{E300C1B7-93F8-49F2-8E1B-05C40927D975}.Debug|Any CPU.Build.0 = Debug|Any CPU
		{E300C1B7-93F8-49F2-8E1B-05C40927D975}.Release|Any CPU.ActiveCfg = Release|Any CPU
		{E300C1B7-93F8-49F2-8E1B-05C40927D975}.Release|Any CPU.Build.0 = Release|Any CPU
		{AE76234A-B47B-4294-AF5A-2A18940414B2}.Debug|Any CPU.ActiveCfg = Debug|Any CPU
		{AE76234A-B47B-4294-AF5A-2A18940414B2}.Debug|Any CPU.Build.0 = Debug|Any CPU
		{AE76234A-B47B-4294-AF5A-2A18940414B2}.Release|Any CPU.ActiveCfg = Release|Any CPU
		{AE76234A-B47B-4294-AF5A-2A18940414B2}.Release|Any CPU.Build.0 = Release|Any CPU
	EndGlobalSection
	GlobalSection(SolutionProperties) = preSolution
		HideSolutionNode = FALSE
	EndGlobalSection
	GlobalSection(NestedProjects) = preSolution
		{48761733-BA80-4766-B91D-D7B17ADDCD46} = {A7A77E8F-2A7E-4E89-90B0-7810C741F904}
		{604AA4C6-9BB5-44EB-9E59-6ED3C165120A} = {A7A77E8F-2A7E-4E89-90B0-7810C741F904}
		{3716756D-9584-49E4-90C7-9A4AF586C06F} = {A7A77E8F-2A7E-4E89-90B0-7810C741F904}
		{361FB0A3-3A23-409B-9338-91B3C64AD130} = {A7A77E8F-2A7E-4E89-90B0-7810C741F904}
		{81E84340-01A9-4494-998F-DB99A8D88CBF} = {12026388-208E-476E-97AD-CBFA73B7E53D}
		{4D403EEE-47D2-4F4F-BBB6-130FBAAA2DF2} = {5370F061-66BB-4149-918E-7AAFB25DD106}
		{E300C1B7-93F8-49F2-8E1B-05C40927D975} = {12026388-208E-476E-97AD-CBFA73B7E53D}
	EndGlobalSection
	GlobalSection(ExtensibilityGlobals) = postSolution
		SolutionGuid = {D22561BB-8FB9-4925-97C7-57C815709DE0}
	EndGlobalSection
EndGlobal
